speakeasyVersion: 1.723.0
sources:
    AgentsetAPI:
        sourceNamespace: agentset-api
        sourceRevisionDigest: sha256:66c4e92a7df491e97bad85a871eefdbf59ffcbab47b39a048b9590c80b685e7d
        sourceBlobDigest: sha256:b65cee89e6dbdedd9285b367b1d3199f6b196486a6f1330c07851e737aebf901
        tags:
            - latest
            - speakeasy-sdk-regen-1769479071
            - 0.0.1
targets:
    agentset:
        source: AgentsetAPI
        sourceNamespace: agentset-api
        sourceRevisionDigest: sha256:66c4e92a7df491e97bad85a871eefdbf59ffcbab47b39a048b9590c80b685e7d
        sourceBlobDigest: sha256:b65cee89e6dbdedd9285b367b1d3199f6b196486a6f1330c07851e737aebf901
        codeSamplesNamespace: agentset-api-python-code-samples
        codeSamplesRevisionDigest: sha256:cce7fa2aded9955ca56f287491bcf3b2a4e3e30cef457d551a36c24b5d265d76
workflow:
    workflowVersion: 1.0.0
    speakeasyVersion: latest
    sources:
        AgentsetAPI:
            inputs:
                - location: https://app.agentset.ai/openapi.json
            overlays:
                - location: .speakeasy/speakeasy-modifications-overlay.yaml
            output: .speakeasy/out.openapi.yaml
            registry:
                location: registry.speakeasyapi.dev/agentset-ktc/api/agentset-api
    targets:
        agentset:
            target: python
            source: AgentsetAPI
            publish:
                pypi:
                    token: $pypi_token
            codeSamples:
                registry:
                    location: registry.speakeasyapi.dev/agentset-ktc/api/agentset-api-python-code-samples
                labelOverride:
                    fixedValue: Python (SDK)
                blocking: false
