speakeasyVersion: 1.665.0
sources:
    AgentsetAPI:
        sourceNamespace: agentset-api
        sourceRevisionDigest: sha256:bde61047f84131b0e0755261fc3525ad35b7a71eae74a4fa77f9821e5a38bf53
        sourceBlobDigest: sha256:45b99599f641be405d46d2d1f1151e24d57debdf17b92ed137a43ac3fa1fc1bc
        tags:
            - latest
            - speakeasy-sdk-regen-1762393229
            - 0.0.1
targets:
    agentset:
        source: AgentsetAPI
        sourceNamespace: agentset-api
        sourceRevisionDigest: sha256:bde61047f84131b0e0755261fc3525ad35b7a71eae74a4fa77f9821e5a38bf53
        sourceBlobDigest: sha256:45b99599f641be405d46d2d1f1151e24d57debdf17b92ed137a43ac3fa1fc1bc
        codeSamplesNamespace: agentset-api-python-code-samples
        codeSamplesRevisionDigest: sha256:ff44a6edb6150dcc7d287aa8439578f40e9119a20fee2f4de871bfafeee13a04
workflow:
    workflowVersion: 1.0.0
    speakeasyVersion: latest
    sources:
        AgentsetAPI:
            inputs:
                - location: https://app.agentset.ai/openapi.json
            overlays:
                - location: .speakeasy/speakeasy-modifications-overlay.yaml
            output: .speakeasy/out.openapi.yaml
            registry:
                location: registry.speakeasyapi.dev/agentset-ktc/api/agentset-api
    targets:
        agentset:
            target: python
            source: AgentsetAPI
            publish:
                pypi:
                    token: $pypi_token
            codeSamples:
                registry:
                    location: registry.speakeasyapi.dev/agentset-ktc/api/agentset-api-python-code-samples
                labelOverride:
                    fixedValue: Python (SDK)
                blocking: false
