speakeasyVersion: 1.628.3
sources:
    AgentsetAPI:
        sourceNamespace: agentset-api
        sourceRevisionDigest: sha256:5ac0334a564fce7f6dbb61ec49554e06665a68ab418c20747706b8ed2438dfc4
        sourceBlobDigest: sha256:9f4f424254111f4e4366783121d556c251e19e419f0865cc6eee73248b22b643
        tags:
            - latest
            - speakeasy-sdk-regen-1758794058
            - 0.0.1
targets:
    agentset:
        source: AgentsetAPI
        sourceNamespace: agentset-api
        sourceRevisionDigest: sha256:5ac0334a564fce7f6dbb61ec49554e06665a68ab418c20747706b8ed2438dfc4
        sourceBlobDigest: sha256:9f4f424254111f4e4366783121d556c251e19e419f0865cc6eee73248b22b643
        codeSamplesNamespace: agentset-api-python-code-samples
        codeSamplesRevisionDigest: sha256:2401b57411538528f24f0416ec74779e5b8af7b73e0c92e46d935442dfaaa84a
workflow:
    workflowVersion: 1.0.0
    speakeasyVersion: latest
    sources:
        AgentsetAPI:
            inputs:
                - location: https://app.agentset.ai/openapi.json
            overlays:
                - location: .speakeasy/speakeasy-modifications-overlay.yaml
            output: .speakeasy/out.openapi.yaml
            registry:
                location: registry.speakeasyapi.dev/agentset-ktc/api/agentset-api
    targets:
        agentset:
            target: python
            source: AgentsetAPI
            publish:
                pypi:
                    token: $pypi_token
            codeSamples:
                registry:
                    location: registry.speakeasyapi.dev/agentset-ktc/api/agentset-api-python-code-samples
                labelOverride:
                    fixedValue: Python (SDK)
                blocking: false
